PODS:
  - SnapKit (3.0.2)
  - SWXMLHash (3.0.2)

DEPENDENCIES:
  - SnapKit (~> 3.0.2)
  - SWXMLHash (~> 3.0.0)

SPEC CHECKSUMS:
  SnapKit: 2e456761aa92d4d4067a7a5594c18769d451a8ad
  SWXMLHash: e0f6935971f01b06fb228cf435510d998ecde647

PODFILE CHECKSUM: 3c49d40433e6c88ee3bbbeb1beefd085b1a5ec78

COCOAPODS: 1.1.1
